// !$*UTF8*$!
{
	archiveVersion = 1;
	classes = {
	};
	objectVersion = 46;
	objects = {

/* Begin PBXBuildFile section */
		C94DCEB01F30EA0A00524531 /* CGFloat+Extensions.swift in Sources */ = {isa = PBXBuildFile; fileRef = C94DCEA41F30EA0A00524531 /* CGFloat+Extensions.swift */; };
		C94DCEB11F30EA0A00524531 /* CGPoint+Extensions.swift in Sources */ = {isa = PBXBuildFile; fileRef = C94DCEA51F30EA0A00524531 /* CGPoint+Extensions.swift */; };
		C94DCEB21F30EA0A00524531 /* CGVector+Extensions.swift in Sources */ = {isa = PBXBuildFile; fileRef = C94DCEA61F30EA0A00524531 /* CGVector+Extensions.swift */; };
		C94DCEB31F30EA0A00524531 /* Int+Extensions.swift in Sources */ = {isa = PBXBuildFile; fileRef = C94DCEA71F30EA0A00524531 /* Int+Extensions.swift */; };
		C94DCEB41F30EA0A00524531 /* SKAction+Extensions.swift in Sources */ = {isa = PBXBuildFile; fileRef = C94DCEA81F30EA0A00524531 /* SKAction+Extensions.swift */; };
		C94DCEB51F30EA0A00524531 /* SKAction+SpecialEffects.swift in Sources */ = {isa = PBXBuildFile; fileRef = C94DCEA91F30EA0A00524531 /* SKAction+SpecialEffects.swift */; };
		C94DCEB61F30EA0A00524531 /* SKColor+Extensions.swift in Sources */ = {isa = PBXBuildFile; fileRef = C94DCEAA1F30EA0A00524531 /* SKColor+Extensions.swift */; };
		C94DCEB71F30EA0A00524531 /* SKNode+Extensions.swift in Sources */ = {isa = PBXBuildFile; fileRef = C94DCEAB1F30EA0A00524531 /* SKNode+Extensions.swift */; };
		C94DCEB81F30EA0A00524531 /* SKTAudio.swift in Sources */ = {isa = PBXBuildFile; fileRef = C94DCEAC1F30EA0A00524531 /* SKTAudio.swift */; };
		C94DCEB91F30EA0A00524531 /* SKTEffects.swift in Sources */ = {isa = PBXBuildFile; fileRef = C94DCEAD1F30EA0A00524531 /* SKTEffects.swift */; };
		C94DCEBA1F30EA0A00524531 /* SKTTimingFunctions.swift in Sources */ = {isa = PBXBuildFile; fileRef = C94DCEAE1F30EA0A00524531 /* SKTTimingFunctions.swift */; };
		C94DCEBB1F30EA0A00524531 /* Vector3.swift in Sources */ = {isa = PBXBuildFile; fileRef = C94DCEAF1F30EA0A00524531 /* Vector3.swift */; };
		C97C7AFF1F30CB0B00802492 /* LevelScene.swift in Sources */ = {isa = PBXBuildFile; fileRef = C97C7AFE1F30CB0B00802492 /* LevelScene.swift */; };
		C97C7B011F30CBBA00802492 /* LevelScene.sks in Resources */ = {isa = PBXBuildFile; fileRef = C97C7B001F30CBBA00802492 /* LevelScene.sks */; };
		C9AA7EEC1F2F93D7000965DB /* Chartboost.framework in Frameworks */ = {isa = PBXBuildFile; fileRef = C9AA7EEB1F2F93D7000965DB /* Chartboost.framework */; };
		C9AA7EEE1F2F93FC000965DB /* StoreKit.framework in Frameworks */ = {isa = PBXBuildFile; fileRef = C9AA7EED1F2F93FC000965DB /* StoreKit.framework */; };
		C9AA7EF01F2F9402000965DB /* Foundation.framework in Frameworks */ = {isa = PBXBuildFile; fileRef = C9AA7EEF1F2F9402000965DB /* Foundation.framework */; };
		C9AA7EF21F2F940D000965DB /* CoreGraphics.framework in Frameworks */ = {isa = PBXBuildFile; fileRef = C9AA7EF11F2F940D000965DB /* CoreGraphics.framework */; };
		C9AA7EF41F2F9414000965DB /* UIKit.framework in Frameworks */ = {isa = PBXBuildFile; fileRef = C9AA7EF31F2F9414000965DB /* UIKit.framework */; };
		C9AA7EF81F2F9535000965DB /* chartboost.m in Sources */ = {isa = PBXBuildFile; fileRef = C9AA7EF71F2F9535000965DB /* chartboost.m */; };
		C9AA7EFA1F2FC8C0000965DB /* Ball.swift in Sources */ = {isa = PBXBuildFile; fileRef = C9AA7EF91F2FC8C0000965DB /* Ball.swift */; };
		C9AA7EFC1F2FC926000965DB /* GameOverPopup.swift in Sources */ = {isa = PBXBuildFile; fileRef = C9AA7EFB1F2FC926000965DB /* GameOverPopup.swift */; };
		C9AA7EFE1F2FC9E1000965DB /* Funnel.swift in Sources */ = {isa = PBXBuildFile; fileRef = C9AA7EFD1F2FC9E1000965DB /* Funnel.swift */; };
		C9B484CE1F2D44D8003085C2 /* Homescreen.swift in Sources */ = {isa = PBXBuildFile; fileRef = C9B484CD1F2D44D8003085C2 /* Homescreen.swift */; };
		C9B484D01F2D45F2003085C2 /* Homescreen.sks in Resources */ = {isa = PBXBuildFile; fileRef = C9B484CF1F2D45F2003085C2 /* Homescreen.sks */; };
		C9BE80CC1F322D9A0082C3CD /* ScoreParticle.sks in Resources */ = {isa = PBXBuildFile; fileRef = C9BE80CA1F322D9A0082C3CD /* ScoreParticle.sks */; };
		C9C1EC551F3BF91B00E9E837 /* Hiragino.ttc in Resources */ = {isa = PBXBuildFile; fileRef = C9C1EC531F3BF02800E9E837 /* Hiragino.ttc */; };
		C9C1EC571F3CD6E800E9E837 /* Button.swift in Sources */ = {isa = PBXBuildFile; fileRef = C9C1EC561F3CD6E800E9E837 /* Button.swift */; };
		C9C1EC591F3D539D00E9E837 /* Ready.swift in Sources */ = {isa = PBXBuildFile; fileRef = C9C1EC581F3D539D00E9E837 /* Ready.swift */; };
		C9D5DFC71F16FCAC00F50CC0 /* AppDelegate.swift in Sources */ = {isa = PBXBuildFile; fileRef = C9D5DFC61F16FCAC00F50CC0 /* AppDelegate.swift */; };
		C9D5DFC91F16FCAC00F50CC0 /* GameScene.sks in Resources */ = {isa = PBXBuildFile; fileRef = C9D5DFC81F16FCAC00F50CC0 /* GameScene.sks */; };
		C9D5DFCB1F16FCAC00F50CC0 /* Actions.sks in Resources */ = {isa = PBXBuildFile; fileRef = C9D5DFCA1F16FCAC00F50CC0 /* Actions.sks */; };
		C9D5DFCD1F16FCAC00F50CC0 /* GameScene.swift in Sources */ = {isa = PBXBuildFile; fileRef = C9D5DFCC1F16FCAC00F50CC0 /* GameScene.swift */; };
		C9D5DFCF1F16FCAC00F50CC0 /* GameViewController.swift in Sources */ = {isa = PBXBuildFile; fileRef = C9D5DFCE1F16FCAC00F50CC0 /* GameViewController.swift */; };
		C9D5DFD21F16FCAC00F50CC0 /* Main.storyboard in Resources */ = {isa = PBXBuildFile; fileRef = C9D5DFD01F16FCAC00F50CC0 /* Main.storyboard */; };
		C9D5DFD41F16FCAC00F50CC0 /* Assets.xcassets in Resources */ = {isa = PBXBuildFile; fileRef = C9D5DFD31F16FCAC00F50CC0 /* Assets.xcassets */; };
		C9D5DFD71F16FCAC00F50CC0 /* LaunchScreen.storyboard in Resources */ = {isa = PBXBuildFile; fileRef = C9D5DFD51F16FCAC00F50CC0 /* LaunchScreen.storyboard */; };
		C9D5DFE21F16FCAC00F50CC0 /* DuesquareTests.swift in Sources */ = {isa = PBXBuildFile; fileRef = C9D5DFE11F16FCAC00F50CC0 /* DuesquareTests.swift */; };
		C9D5DFED1F16FCAC00F50CC0 /* DuesquareUITests.swift in Sources */ = {isa = PBXBuildFile; fileRef = C9D5DFEC1F16FCAC00F50CC0 /* DuesquareUITests.swift */; };
		C9E2294A1F3F7E66001BC9D5 /* LyceumPage.swift in Sources */ = {isa = PBXBuildFile; fileRef = C9E229491F3F7E66001BC9D5 /* LyceumPage.swift */; };
		C9E2294C1F3F7F46001BC9D5 /* LyceumPage.sks in Resources */ = {isa = PBXBuildFile; fileRef = C9E2294B1F3F7F46001BC9D5 /* LyceumPage.sks */; };
		C9E229521F3F8FED001BC9D5 /* sound-effect.caf in Resources */ = {isa = PBXBuildFile; fileRef = C9E229511F3F8FDF001BC9D5 /* sound-effect.caf */; };
		C9E229541F3F92CD001BC9D5 /* sound-effect.wav in Resources */ = {isa = PBXBuildFile; fileRef = C9E229531F3F92CB001BC9D5 /* sound-effect.wav */; };
		C9F7A7721F2A60EF002531A8 /* GameKit.framework in Frameworks */ = {isa = PBXBuildFile; fileRef = C9F7A7711F2A60EF002531A8 /* GameKit.framework */; };
/* End PBXBuildFile section */

/* Begin PBXContainerItemProxy section */
		C9D5DFDE1F16FCAC00F50CC0 /* PBXContainerItemProxy */ = {
			isa = PBXContainerItemProxy;
			containerPortal = C9D5DFBB1F16FCAC00F50CC0 /* Project object */;
			proxyType = 1;
			remoteGlobalIDString = C9D5DFC21F16FCAC00F50CC0;
			remoteInfo = Duesquare;
		};
		C9D5DFE91F16FCAC00F50CC0 /* PBXContainerItemProxy */ = {
			isa = PBXContainerItemProxy;
			containerPortal = C9D5DFBB1F16FCAC00F50CC0 /* Project object */;
			proxyType = 1;
			remoteGlobalIDString = C9D5DFC21F16FCAC00F50CC0;
			remoteInfo = Duesquare;
		};
/* End PBXContainerItemProxy section */

/* Begin PBXFileReference section */
		C94DCEA41F30EA0A00524531 /* CGFloat+Extensions.swift */ = {isa = PBXFileReference; fileEncoding = 4; lastKnownFileType = sourcecode.swift; path = "CGFloat+Extensions.swift"; sourceTree = "<group>"; };
		C94DCEA51F30EA0A00524531 /* CGPoint+Extensions.swift */ = {isa = PBXFileReference; fileEncoding = 4; lastKnownFileType = sourcecode.swift; path = "CGPoint+Extensions.swift"; sourceTree = "<group>"; };
		C94DCEA61F30EA0A00524531 /* CGVector+Extensions.swift */ = {isa = PBXFileReference; fileEncoding = 4; lastKnownFileType = sourcecode.swift; path = "CGVector+Extensions.swift"; sourceTree = "<group>"; };
		C94DCEA71F30EA0A00524531 /* Int+Extensions.swift */ = {isa = PBXFileReference; fileEncoding = 4; lastKnownFileType = sourcecode.swift; path = "Int+Extensions.swift"; sourceTree = "<group>"; };
		C94DCEA81F30EA0A00524531 /* SKAction+Extensions.swift */ = {isa = PBXFileReference; fileEncoding = 4; lastKnownFileType = sourcecode.swift; path = "SKAction+Extensions.swift"; sourceTree = "<group>"; };
		C94DCEA91F30EA0A00524531 /* SKAction+SpecialEffects.swift */ = {isa = PBXFileReference; fileEncoding = 4; lastKnownFileType = sourcecode.swift; path = "SKAction+SpecialEffects.swift"; sourceTree = "<group>"; };
		C94DCEAA1F30EA0A00524531 /* SKColor+Extensions.swift */ = {isa = PBXFileReference; fileEncoding = 4; lastKnownFileType = sourcecode.swift; path = "SKColor+Extensions.swift"; sourceTree = "<group>"; };
		C94DCEAB1F30EA0A00524531 /* SKNode+Extensions.swift */ = {isa = PBXFileReference; fileEncoding = 4; lastKnownFileType = sourcecode.swift; path = "SKNode+Extensions.swift"; sourceTree = "<group>"; };
		C94DCEAC1F30EA0A00524531 /* SKTAudio.swift */ = {isa = PBXFileReference; fileEncoding = 4; lastKnownFileType = sourcecode.swift; path = SKTAudio.swift; sourceTree = "<group>"; };
		C94DCEAD1F30EA0A00524531 /* SKTEffects.swift */ = {isa = PBXFileReference; fileEncoding = 4; lastKnownFileType = sourcecode.swift; path = SKTEffects.swift; sourceTree = "<group>"; };
		C94DCEAE1F30EA0A00524531 /* SKTTimingFunctions.swift */ = {isa = PBXFileReference; fileEncoding = 4; lastKnownFileType = sourcecode.swift; path = SKTTimingFunctions.swift; sourceTree = "<group>"; };
		C94DCEAF1F30EA0A00524531 /* Vector3.swift */ = {isa = PBXFileReference; fileEncoding = 4; lastKnownFileType = sourcecode.swift; path = Vector3.swift; sourceTree = "<group>"; };
		C97C7AFE1F30CB0B00802492 /* LevelScene.swift */ = {isa = PBXFileReference; fileEncoding = 4; lastKnownFileType = sourcecode.swift; path = LevelScene.swift; sourceTree = "<group>"; };
		C97C7B001F30CBBA00802492 /* LevelScene.sks */ = {isa = PBXFileReference; lastKnownFileType = file.sks; path = LevelScene.sks; sourceTree = "<group>"; };
		C9AA7EEB1F2F93D7000965DB /* Chartboost.framework */ = {isa = PBXFileReference; lastKnownFileType = wrapper.framework; path = Chartboost.framework; sourceTree = "<group>"; };
		C9AA7EED1F2F93FC000965DB /* StoreKit.framework */ = {isa = PBXFileReference; lastKnownFileType = wrapper.framework; name = StoreKit.framework; path = System/Library/Frameworks/StoreKit.framework; sourceTree = SDKROOT; };
		C9AA7EEF1F2F9402000965DB /* Foundation.framework */ = {isa = PBXFileReference; lastKnownFileType = wrapper.framework; name = Foundation.framework; path = System/Library/Frameworks/Foundation.framework; sourceTree = SDKROOT; };
		C9AA7EF11F2F940D000965DB /* CoreGraphics.framework */ = {isa = PBXFileReference; lastKnownFileType = wrapper.framework; name = CoreGraphics.framework; path = System/Library/Frameworks/CoreGraphics.framework; sourceTree = SDKROOT; };
		C9AA7EF31F2F9414000965DB /* UIKit.framework */ = {isa = PBXFileReference; lastKnownFileType = wrapper.framework; name = UIKit.framework; path = System/Library/Frameworks/UIKit.framework; sourceTree = SDKROOT; };
		C9AA7EF61F2F9534000965DB /* Duesquare-Bridging-Header.h */ = {isa = PBXFileReference; lastKnownFileType = sourcecode.c.h; path = "Duesquare-Bridging-Header.h"; sourceTree = SOURCE_ROOT; };
		C9AA7EF71F2F9535000965DB /* chartboost.m */ = {isa = PBXFileReference; fileEncoding = 4; lastKnownFileType = sourcecode.c.objc; name = chartboost.m; path = ../chartboost.m; sourceTree = "<group>"; };
		C9AA7EF91F2FC8C0000965DB /* Ball.swift */ = {isa = PBXFileReference; fileEncoding = 4; lastKnownFileType = sourcecode.swift; path = Ball.swift; sourceTree = "<group>"; };
		C9AA7EFB1F2FC926000965DB /* GameOverPopup.swift */ = {isa = PBXFileReference; fileEncoding = 4; lastKnownFileType = sourcecode.swift; path = GameOverPopup.swift; sourceTree = "<group>"; };
		C9AA7EFD1F2FC9E1000965DB /* Funnel.swift */ = {isa = PBXFileReference; fileEncoding = 4; lastKnownFileType = sourcecode.swift; path = Funnel.swift; sourceTree = "<group>"; };
		C9B484CD1F2D44D8003085C2 /* Homescreen.swift */ = {isa = PBXFileReference; fileEncoding = 4; lastKnownFileType = sourcecode.swift; name = Homescreen.swift; path = ../Homescreen.swift; sourceTree = "<group>"; };
		C9B484CF1F2D45F2003085C2 /* Homescreen.sks */ = {isa = PBXFileReference; lastKnownFileType = file.sks; path = Homescreen.sks; sourceTree = "<group>"; };
		C9BE80CA1F322D9A0082C3CD /* ScoreParticle.sks */ = {isa = PBXFileReference; lastKnownFileType = file.sks; path = ScoreParticle.sks; sourceTree = "<group>"; };
		C9C1EC531F3BF02800E9E837 /* Hiragino.ttc */ = {isa = PBXFileReference; lastKnownFileType = file; name = Hiragino.ttc; path = "Hiragino Kaku/Hiragino Kaku Gothic StdN/Hiragino.ttc"; sourceTree = "<group>"; };
		C9C1EC561F3CD6E800E9E837 /* Button.swift */ = {isa = PBXFileReference; lastKnownFileType = sourcecode.swift; path = Button.swift; sourceTree = "<group>"; };
		C9C1EC581F3D539D00E9E837 /* Ready.swift */ = {isa = PBXFileReference; lastKnownFileType = sourcecode.swift; path = Ready.swift; sourceTree = "<group>"; };
		C9D5DFC31F16FCAC00F50CC0 /* Duesquare.app */ = {isa = PBXFileReference; explicitFileType = wrapper.application; includeInIndex = 0; path = Duesquare.app; sourceTree = BUILT_PRODUCTS_DIR; };
		C9D5DFC61F16FCAC00F50CC0 /* AppDelegate.swift */ = {isa = PBXFileReference; lastKnownFileType = sourcecode.swift; path = AppDelegate.swift; sourceTree = "<group>"; };
		C9D5DFC81F16FCAC00F50CC0 /* GameScene.sks */ = {isa = PBXFileReference; lastKnownFileType = file.sks; path = GameScene.sks; sourceTree = "<group>"; };
		C9D5DFCA1F16FCAC00F50CC0 /* Actions.sks */ = {isa = PBXFileReference; lastKnownFileType = file.sks; path = Actions.sks; sourceTree = "<group>"; };
		C9D5DFCC1F16FCAC00F50CC0 /* GameScene.swift */ = {isa = PBXFileReference; lastKnownFileType = sourcecode.swift; path = GameScene.swift; sourceTree = "<group>"; };
		C9D5DFCE1F16FCAC00F50CC0 /* GameViewController.swift */ = {isa = PBXFileReference; lastKnownFileType = sourcecode.swift; path = GameViewController.swift; sourceTree = "<group>"; };
		C9D5DFD11F16FCAC00F50CC0 /* Base */ = {isa = PBXFileReference; lastKnownFileType = file.storyboard; name = Base; path = Base.lproj/Main.storyboard; sourceTree = "<group>"; };
		C9D5DFD31F16FCAC00F50CC0 /* Assets.xcassets */ = {isa = PBXFileReference; lastKnownFileType = folder.assetcatalog; path = Assets.xcassets; sourceTree = "<group>"; };
		C9D5DFD61F16FCAC00F50CC0 /* Base */ = {isa = PBXFileReference; lastKnownFileType = file.storyboard; name = Base; path = Base.lproj/LaunchScreen.storyboard; sourceTree = "<group>"; };
		C9D5DFD81F16FCAC00F50CC0 /* Info.plist */ = {isa = PBXFileReference; lastKnownFileType = text.plist.xml; path = Info.plist; sourceTree = "<group>"; };
		C9D5DFDD1F16FCAC00F50CC0 /* DuesquareTests.xctest */ = {isa = PBXFileReference; explicitFileType = wrapper.cfbundle; includeInIndex = 0; path = DuesquareTests.xctest; sourceTree = BUILT_PRODUCTS_DIR; };
		C9D5DFE11F16FCAC00F50CC0 /* DuesquareTests.swift */ = {isa = PBXFileReference; lastKnownFileType = sourcecode.swift; path = DuesquareTests.swift; sourceTree = "<group>"; };
		C9D5DFE31F16FCAC00F50CC0 /* Info.plist */ = {isa = PBXFileReference; lastKnownFileType = text.plist.xml; path = Info.plist; sourceTree = "<group>"; };
		C9D5DFE81F16FCAC00F50CC0 /* DuesquareUITests.xctest */ = {isa = PBXFileReference; explicitFileType = wrapper.cfbundle; includeInIndex = 0; path = DuesquareUITests.xctest; sourceTree = BUILT_PRODUCTS_DIR; };
		C9D5DFEC1F16FCAC00F50CC0 /* DuesquareUITests.swift */ = {isa = PBXFileReference; lastKnownFileType = sourcecode.swift; path = DuesquareUITests.swift; sourceTree = "<group>"; };
		C9D5DFEE1F16FCAC00F50CC0 /* Info.plist */ = {isa = PBXFileReference; lastKnownFileType = text.plist.xml; path = Info.plist; sourceTree = "<group>"; };
		C9E229491F3F7E66001BC9D5 /* LyceumPage.swift */ = {isa = PBXFileReference; lastKnownFileType = sourcecode.swift; path = LyceumPage.swift; sourceTree = "<group>"; };
		C9E2294B1F3F7F46001BC9D5 /* LyceumPage.sks */ = {isa = PBXFileReference; lastKnownFileType = file.sks; path = LyceumPage.sks; sourceTree = "<group>"; };
		C9E229511F3F8FDF001BC9D5 /* sound-effect.caf */ = {isa = PBXFileReference; lastKnownFileType = file; path = "sound-effect.caf"; sourceTree = "<group>"; };
		C9E229531F3F92CB001BC9D5 /* sound-effect.wav */ = {isa = PBXFileReference; lastKnownFileType = audio.wav; path = "sound-effect.wav"; sourceTree = "<group>"; };
		C9F7A7711F2A60EF002531A8 /* GameKit.framework */ = {isa = PBXFileReference; lastKnownFileType = wrapper.framework; name = GameKit.framework; path = System/Library/Frameworks/GameKit.framework; sourceTree = SDKROOT; };
/* End PBXFileReference section */

/* Begin PBXFrameworksBuildPhase section */
		C9D5DFC01F16FCAC00F50CC0 /* Frameworks */ = {
			isa = PBXFrameworksBuildPhase;
			buildActionMask = 2147483647;
			files = (
				C9AA7EF41F2F9414000965DB /* UIKit.framework in Frameworks */,
				C9AA7EF21F2F940D000965DB /* CoreGraphics.framework in Frameworks */,
				C9AA7EF01F2F9402000965DB /* Foundation.framework in Frameworks */,
				C9AA7EEE1F2F93FC000965DB /* StoreKit.framework in Frameworks */,
				C9F7A7721F2A60EF002531A8 /* GameKit.framework in Frameworks */,
				C9AA7EEC1F2F93D7000965DB /* Chartboost.framework in Frameworks */,
			);
			runOnlyForDeploymentPostprocessing = 0;
		};
		C9D5DFDA1F16FCAC00F50CC0 /* Frameworks */ = {
			isa = PBXFrameworksBuildPhase;
			buildActionMask = 2147483647;
			files = (
			);
			runOnlyForDeploymentPostprocessing = 0;
		};
		C9D5DFE51F16FCAC00F50CC0 /* Frameworks */ = {
			isa = PBXFrameworksBuildPhase;
			buildActionMask = 2147483647;
			files = (
			);
			runOnlyForDeploymentPostprocessing = 0;
		};
/* End PBXFrameworksBuildPhase section */

/* Begin PBXGroup section */
		C94DCEA31F30EA0A00524531 /* SKTUtils */ = {
			isa = PBXGroup;
			children = (
				C94DCEA41F30EA0A00524531 /* CGFloat+Extensions.swift */,
				C94DCEA51F30EA0A00524531 /* CGPoint+Extensions.swift */,
				C94DCEA61F30EA0A00524531 /* CGVector+Extensions.swift */,
				C94DCEA71F30EA0A00524531 /* Int+Extensions.swift */,
				C94DCEA81F30EA0A00524531 /* SKAction+Extensions.swift */,
				C94DCEA91F30EA0A00524531 /* SKAction+SpecialEffects.swift */,
				C94DCEAA1F30EA0A00524531 /* SKColor+Extensions.swift */,
				C94DCEAB1F30EA0A00524531 /* SKNode+Extensions.swift */,
				C94DCEAC1F30EA0A00524531 /* SKTAudio.swift */,
				C94DCEAD1F30EA0A00524531 /* SKTEffects.swift */,
				C94DCEAE1F30EA0A00524531 /* SKTTimingFunctions.swift */,
				C94DCEAF1F30EA0A00524531 /* Vector3.swift */,
			);
			path = SKTUtils;
			sourceTree = "<group>";
		};
		C9D5DFBA1F16FCAC00F50CC0 = {
			isa = PBXGroup;
			children = (
				C9BE80CA1F322D9A0082C3CD /* ScoreParticle.sks */,
				C94DCEA31F30EA0A00524531 /* SKTUtils */,
				C9D5DFC51F16FCAC00F50CC0 /* Duesquare */,
				C9D5DFE01F16FCAC00F50CC0 /* DuesquareTests */,
				C9D5DFEB1F16FCAC00F50CC0 /* DuesquareUITests */,
				C9D5DFC41F16FCAC00F50CC0 /* Products */,
				C9DFA46E1F28508A00317E56 /* Frameworks */,
			);
			sourceTree = "<group>";
		};
		C9D5DFC41F16FCAC00F50CC0 /* Products */ = {
			isa = PBXGroup;
			children = (
				C9D5DFC31F16FCAC00F50CC0 /* Duesquare.app */,
				C9D5DFDD1F16FCAC00F50CC0 /* DuesquareTests.xctest */,
				C9D5DFE81F16FCAC00F50CC0 /* DuesquareUITests.xctest */,
			);
			name = Products;
			sourceTree = "<group>";
		};
		C9D5DFC51F16FCAC00F50CC0 /* Duesquare */ = {
			isa = PBXGroup;
			children = (
				C9E229511F3F8FDF001BC9D5 /* sound-effect.caf */,
				C9E229531F3F92CB001BC9D5 /* sound-effect.wav */,
				C9C1EC531F3BF02800E9E837 /* Hiragino.ttc */,
				C9AA7EF71F2F9535000965DB /* chartboost.m */,
				C9AA7EF61F2F9534000965DB /* Duesquare-Bridging-Header.h */,
				C9D5DFCE1F16FCAC00F50CC0 /* GameViewController.swift */,
				C9E229491F3F7E66001BC9D5 /* LyceumPage.swift */,
				C9E2294B1F3F7F46001BC9D5 /* LyceumPage.sks */,
				C97C7AFE1F30CB0B00802492 /* LevelScene.swift */,
				C97C7B001F30CBBA00802492 /* LevelScene.sks */,
				C9B484CD1F2D44D8003085C2 /* Homescreen.swift */,
				C9B484CF1F2D45F2003085C2 /* Homescreen.sks */,
				C9D5DFC61F16FCAC00F50CC0 /* AppDelegate.swift */,
				C9D5DFCC1F16FCAC00F50CC0 /* GameScene.swift */,
				C9D5DFC81F16FCAC00F50CC0 /* GameScene.sks */,
				C9AA7EFD1F2FC9E1000965DB /* Funnel.swift */,
				C9AA7EF91F2FC8C0000965DB /* Ball.swift */,
				C9C1EC581F3D539D00E9E837 /* Ready.swift */,
				C9AA7EFB1F2FC926000965DB /* GameOverPopup.swift */,
				C9C1EC561F3CD6E800E9E837 /* Button.swift */,
				C9D5DFCA1F16FCAC00F50CC0 /* Actions.sks */,
				C9D5DFD01F16FCAC00F50CC0 /* Main.storyboard */,
				C9D5DFD31F16FCAC00F50CC0 /* Assets.xcassets */,
				C9D5DFD51F16FCAC00F50CC0 /* LaunchScreen.storyboard */,
				C9D5DFD81F16FCAC00F50CC0 /* Info.plist */,
			);
			path = Duesquare;
			sourceTree = "<group>";
		};
		C9D5DFE01F16FCAC00F50CC0 /* DuesquareTests */ = {
			isa = PBXGroup;
			children = (
				C9D5DFE11F16FCAC00F50CC0 /* DuesquareTests.swift */,
				C9D5DFE31F16FCAC00F50CC0 /* Info.plist */,
			);
			path = DuesquareTests;
			sourceTree = "<group>";
		};
		C9D5DFEB1F16FCAC00F50CC0 /* DuesquareUITests */ = {
			isa = PBXGroup;
			children = (
				C9D5DFEC1F16FCAC00F50CC0 /* DuesquareUITests.swift */,
				C9D5DFEE1F16FCAC00F50CC0 /* Info.plist */,
			);
			path = DuesquareUITests;
			sourceTree = "<group>";
		};
		C9DFA46E1F28508A00317E56 /* Frameworks */ = {
			isa = PBXGroup;
			children = (
				C9AA7EF31F2F9414000965DB /* UIKit.framework */,
				C9AA7EF11F2F940D000965DB /* CoreGraphics.framework */,
				C9AA7EEF1F2F9402000965DB /* Foundation.framework */,
				C9AA7EED1F2F93FC000965DB /* StoreKit.framework */,
				C9AA7EEB1F2F93D7000965DB /* Chartboost.framework */,
				C9F7A7711F2A60EF002531A8 /* GameKit.framework */,
			);
			name = Frameworks;
			sourceTree = "<group>";
		};
/* End PBXGroup section */

/* Begin PBXNativeTarget section */
		C9D5DFC21F16FCAC00F50CC0 /* Duesquare */ = {
			isa = PBXNativeTarget;
			buildConfigurationList = C9D5DFF11F16FCAC00F50CC0 /* Build configuration list for PBXNativeTarget "Duesquare" */;
			buildPhases = (
				C9D5DFBF1F16FCAC00F50CC0 /* Sources */,
				C9D5DFC01F16FCAC00F50CC0 /* Frameworks */,
				C9D5DFC11F16FCAC00F50CC0 /* Resources */,
			);
			buildRules = (
			);
			dependencies = (
			);
			name = Duesquare;
			productName = Duesquare;
			productReference = C9D5DFC31F16FCAC00F50CC0 /* Duesquare.app */;
			productType = "com.apple.product-type.application";
		};
		C9D5DFDC1F16FCAC00F50CC0 /* DuesquareTests */ = {
			isa = PBXNativeTarget;
			buildConfigurationList = C9D5DFF41F16FCAC00F50CC0 /* Build configuration list for PBXNativeTarget "DuesquareTests" */;
			buildPhases = (
				C9D5DFD91F16FCAC00F50CC0 /* Sources */,
				C9D5DFDA1F16FCAC00F50CC0 /* Frameworks */,
				C9D5DFDB1F16FCAC00F50CC0 /* Resources */,
			);
			buildRules = (
			);
			dependencies = (
				C9D5DFDF1F16FCAC00F50CC0 /* PBXTargetDependency */,
			);
			name = DuesquareTests;
			productName = DuesquareTests;
			productReference = C9D5DFDD1F16FCAC00F50CC0 /* DuesquareTests.xctest */;
			productType = "com.apple.product-type.bundle.unit-test";
		};
		C9D5DFE71F16FCAC00F50CC0 /* DuesquareUITests */ = {
			isa = PBXNativeTarget;
			buildConfigurationList = C9D5DFF71F16FCAC00F50CC0 /* Build configuration list for PBXNativeTarget "DuesquareUITests" */;
			buildPhases = (
				C9D5DFE41F16FCAC00F50CC0 /* Sources */,
				C9D5DFE51F16FCAC00F50CC0 /* Frameworks */,
				C9D5DFE61F16FCAC00F50CC0 /* Resources */,
			);
			buildRules = (
			);
			dependencies = (
				C9D5DFEA1F16FCAC00F50CC0 /* PBXTargetDependency */,
			);
			name = DuesquareUITests;
			productName = DuesquareUITests;
			productReference = C9D5DFE81F16FCAC00F50CC0 /* DuesquareUITests.xctest */;
			productType = "com.apple.product-type.bundle.ui-testing";
		};
/* End PBXNativeTarget section */

/* Begin PBXProject section */
		C9D5DFBB1F16FCAC00F50CC0 /* Project object */ = {
			isa = PBXProject;
			attributes = {
				LastSwiftUpdateCheck = 0830;
				LastUpgradeCheck = 0900;
				ORGANIZATIONNAME = "Maxwell James Omdal";
				TargetAttributes = {
					C9D5DFC21F16FCAC00F50CC0 = {
						CreatedOnToolsVersion = 8.3.2;
						DevelopmentTeam = EHPBHF3VYQ;
						LastSwiftMigration = 0830;
						ProvisioningStyle = Automatic;
						SystemCapabilities = {
							com.apple.GameCenter = {
								enabled = 1;
							};
							com.apple.InAppPurchase = {
								enabled = 1;
							};
						};
					};
					C9D5DFDC1F16FCAC00F50CC0 = {
						CreatedOnToolsVersion = 8.3.2;
						LastSwiftMigration = 0900;
						ProvisioningStyle = Automatic;
						TestTargetID = C9D5DFC21F16FCAC00F50CC0;
					};
					C9D5DFE71F16FCAC00F50CC0 = {
						CreatedOnToolsVersion = 8.3.2;
						LastSwiftMigration = 0900;
						ProvisioningStyle = Automatic;
						TestTargetID = C9D5DFC21F16FCAC00F50CC0;
					};
				};
			};
			buildConfigurationList = C9D5DFBE1F16FCAC00F50CC0 /* Build configuration list for PBXProject "Duesquare" */;
			compatibilityVersion = "Xcode 3.2";
			developmentRegion = English;
			hasScannedForEncodings = 0;
			knownRegions = (
				en,
				Base,
			);
			mainGroup = C9D5DFBA1F16FCAC00F50CC0;
			productRefGroup = C9D5DFC41F16FCAC00F50CC0 /* Products */;
			projectDirPath = "";
			projectRoot = "";
			targets = (
				C9D5DFC21F16FCAC00F50CC0 /* Duesquare */,
				C9D5DFDC1F16FCAC00F50CC0 /* DuesquareTests */,
				C9D5DFE71F16FCAC00F50CC0 /* DuesquareUITests */,
			);
		};
/* End PBXProject section */

/* Begin PBXResourcesBuildPhase section */
		C9D5DFC11F16FCAC00F50CC0 /* Resources */ = {
			isa = PBXResourcesBuildPhase;
			buildActionMask = 2147483647;
			files = (
				C9BE80CC1F322D9A0082C3CD /* ScoreParticle.sks in Resources */,
				C9D5DFD21F16FCAC00F50CC0 /* Main.storyboard in Resources */,
				C9E229521F3F8FED001BC9D5 /* sound-effect.caf in Resources */,
				C9D5DFC91F16FCAC00F50CC0 /* GameScene.sks in Resources */,
				C9E2294C1F3F7F46001BC9D5 /* LyceumPage.sks in Resources */,
				C9D5DFD41F16FCAC00F50CC0 /* Assets.xcassets in Resources */,
				C97C7B011F30CBBA00802492 /* LevelScene.sks in Resources */,
				C9E229541F3F92CD001BC9D5 /* sound-effect.wav in Resources */,
				C9D5DFD71F16FCAC00F50CC0 /* LaunchScreen.storyboard in Resources */,
				C9C1EC551F3BF91B00E9E837 /* Hiragino.ttc in Resources */,
				C9B484D01F2D45F2003085C2 /* Homescreen.sks in Resources */,
				C9D5DFCB1F16FCAC00F50CC0 /* Actions.sks in Resources */,
			);
			runOnlyForDeploymentPostprocessing = 0;
		};
		C9D5DFDB1F16FCAC00F50CC0 /* Resources */ = {
			isa = PBXResourcesBuildPhase;
			buildActionMask = 2147483647;
			files = (
			);
			runOnlyForDeploymentPostprocessing = 0;
		};
		C9D5DFE61F16FCAC00F50CC0 /* Resources */ = {
			isa = PBXResourcesBuildPhase;
			buildActionMask = 2147483647;
			files = (
			);
			runOnlyForDeploymentPostprocessing = 0;
		};
/* End PBXResourcesBuildPhase section */

/* Begin PBXSourcesBuildPhase section */
		C9D5DFBF1F16FCAC00F50CC0 /* Sources */ = {
			isa = PBXSourcesBuildPhase;
			buildActionMask = 2147483647;
			files = (
				C9C1EC591F3D539D00E9E837 /* Ready.swift in Sources */,
				C9AA7EFA1F2FC8C0000965DB /* Ball.swift in Sources */,
				C9AA7EF81F2F9535000965DB /* chartboost.m in Sources */,
				C9B484CE1F2D44D8003085C2 /* Homescreen.swift in Sources */,
				C94DCEB91F30EA0A00524531 /* SKTEffects.swift in Sources */,
				C94DCEB81F30EA0A00524531 /* SKTAudio.swift in Sources */,
				C9D5DFCD1F16FCAC00F50CC0 /* GameScene.swift in Sources */,
				C9E2294A1F3F7E66001BC9D5 /* LyceumPage.swift in Sources */,
				C94DCEBA1F30EA0A00524531 /* SKTTimingFunctions.swift in Sources */,
				C9D5DFCF1F16FCAC00F50CC0 /* GameViewController.swift in Sources */,
				C94DCEB31F30EA0A00524531 /* Int+Extensions.swift in Sources */,
				C9AA7EFC1F2FC926000965DB /* GameOverPopup.swift in Sources */,
				C94DCEB71F30EA0A00524531 /* SKNode+Extensions.swift in Sources */,
				C94DCEB01F30EA0A00524531 /* CGFloat+Extensions.swift in Sources */,
				C94DCEB51F30EA0A00524531 /* SKAction+SpecialEffects.swift in Sources */,
				C94DCEBB1F30EA0A00524531 /* Vector3.swift in Sources */,
				C94DCEB11F30EA0A00524531 /* CGPoint+Extensions.swift in Sources */,
				C94DCEB41F30EA0A00524531 /* SKAction+Extensions.swift in Sources */,
				C94DCEB61F30EA0A00524531 /* SKColor+Extensions.swift in Sources */,
				C94DCEB21F30EA0A00524531 /* CGVector+Extensions.swift in Sources */,
				C97C7AFF1F30CB0B00802492 /* LevelScene.swift in Sources */,
				C9D5DFC71F16FCAC00F50CC0 /* AppDelegate.swift in Sources */,
				C9AA7EFE1F2FC9E1000965DB /* Funnel.swift in Sources */,
				C9C1EC571F3CD6E800E9E837 /* Button.swift in Sources */,
			);
			runOnlyForDeploymentPostprocessing = 0;
		};
		C9D5DFD91F16FCAC00F50CC0 /* Sources */ = {
			isa = PBXSourcesBuildPhase;
			buildActionMask = 2147483647;
			files = (
				C9D5DFE21F16FCAC00F50CC0 /* DuesquareTests.swift in Sources */,
			);
			runOnlyForDeploymentPostprocessing = 0;
		};
		C9D5DFE41F16FCAC00F50CC0 /* Sources */ = {
			isa = PBXSourcesBuildPhase;
			buildActionMask = 2147483647;
			files = (
				C9D5DFED1F16FCAC00F50CC0 /* DuesquareUITests.swift in Sources */,
			);
			runOnlyForDeploymentPostprocessing = 0;
		};
/* End PBXSourcesBuildPhase section */

/* Begin PBXTargetDependency section */
		C9D5DFDF1F16FCAC00F50CC0 /* PBXTargetDependency */ = {
			isa = PBXTargetDependency;
			target = C9D5DFC21F16FCAC00F50CC0 /* Duesquare */;
			targetProxy = C9D5DFDE1F16FCAC00F50CC0 /* PBXContainerItemProxy */;
		};
		C9D5DFEA1F16FCAC00F50CC0 /* PBXTargetDependency */ = {
			isa = PBXTargetDependency;
			target = C9D5DFC21F16FCAC00F50CC0 /* Duesquare */;
			targetProxy = C9D5DFE91F16FCAC00F50CC0 /* PBXContainerItemProxy */;
		};
/* End PBXTargetDependency section */

/* Begin PBXVariantGroup section */
		C9D5DFD01F16FCAC00F50CC0 /* Main.storyboard */ = {
			isa = PBXVariantGroup;
			children = (
				C9D5DFD11F16FCAC00F50CC0 /* Base */,
			);
			name = Main.storyboard;
			sourceTree = "<group>";
		};
		C9D5DFD51F16FCAC00F50CC0 /* LaunchScreen.storyboard */ = {
			isa = PBXVariantGroup;
			children = (
				C9D5DFD61F16FCAC00F50CC0 /* Base */,
			);
			name = LaunchScreen.storyboard;
			sourceTree = "<group>";
		};
/* End PBXVariantGroup section */

/* Begin XCBuildConfiguration section */
		C9D5DFEF1F16FCAC00F50CC0 /* Debug */ = {
			isa = XCBuildConfiguration;
			buildSettings = {
				ALWAYS_SEARCH_USER_PATHS = NO;
				CLANG_ANALYZER_NONNULL = YES;
				CLANG_ANALYZER_NUMBER_OBJECT_CONVERSION = YES_AGGRESSIVE;
				CLANG_CXX_LANGUAGE_STANDARD = "gnu++0x";
				CLANG_CXX_LIBRARY = "libc++";
				CLANG_ENABLE_MODULES = YES;
				CLANG_ENABLE_OBJC_ARC = YES;
				CLANG_WARN_BLOCK_CAPTURE_AUTORELEASING = YES;
				CLANG_WARN_BOOL_CONVERSION = YES;
				CLANG_WARN_COMMA = YES;
				CLANG_WARN_CONSTANT_CONVERSION = YES;
				CLANG_WARN_DIRECT_OBJC_ISA_USAGE = YES_ERROR;
				CLANG_WARN_DOCUMENTATION_COMMENTS = YES;
				CLANG_WARN_EMPTY_BODY = YES;
				CLANG_WARN_ENUM_CONVERSION = YES;
				CLANG_WARN_INFINITE_RECURSION = YES;
				CLANG_WARN_INT_CONVERSION = YES;
				CLANG_WARN_NON_LITERAL_NULL_CONVERSION = YES;
				CLANG_WARN_OBJC_LITERAL_CONVERSION = YES;
				CLANG_WARN_OBJC_ROOT_CLASS = YES_ERROR;
				CLANG_WARN_RANGE_LOOP_ANALYSIS = YES;
				CLANG_WARN_STRICT_PROTOTYPES = YES;
				CLANG_WARN_SUSPICIOUS_MOVE = YES;
				CLANG_WARN_UNREACHABLE_CODE = YES;
				CLANG_WARN__DUPLICATE_METHOD_MATCH = YES;
				"CODE_SIGN_IDENTITY[sdk=iphoneos*]" = "iPhone Developer";
				COPY_PHASE_STRIP = NO;
				DEBUG_INFORMATION_FORMAT = dwarf;
				ENABLE_STRICT_OBJC_MSGSEND = YES;
				ENABLE_TESTABILITY = YES;
				GCC_C_LANGUAGE_STANDARD = gnu99;
				GCC_DYNAMIC_NO_PIC = NO;
				GCC_NO_COMMON_BLOCKS = YES;
				GCC_OPTIMIZATION_LEVEL = 0;
				GCC_PREPROCESSOR_DEFINITIONS = (
					"DEBUG=1",
					"$(inherited)",
				);
				GCC_WARN_64_TO_32_BIT_CONVERSION = YES;
				GCC_WARN_ABOUT_RETURN_TYPE = YES_ERROR;
				GCC_WARN_UNDECLARED_SELECTOR = YES;
				GCC_WARN_UNINITIALIZED_AUTOS = YES_AGGRESSIVE;
				GCC_WARN_UNUSED_FUNCTION = YES;
				GCC_WARN_UNUSED_VARIABLE = YES;
				IPHONEOS_DEPLOYMENT_TARGET = 10.3;
				MTL_ENABLE_DEBUG_INFO = YES;
				ONLY_ACTIVE_ARCH = YES;
				OTHER_LDFLAGS = "-ObjC";
				SDKROOT = iphoneos;
				SWIFT_ACTIVE_COMPILATION_CONDITIONS = DEBUG;
				SWIFT_OPTIMIZATION_LEVEL = "-Onone";
				SWIFT_VERSION = 3.0;
			};
			name = Debug;
		};
		C9D5DFF01F16FCAC00F50CC0 /* Release */ = {
			isa = XCBuildConfiguration;
			buildSettings = {
				ALWAYS_SEARCH_USER_PATHS = NO;
				CLANG_ANALYZER_NONNULL = YES;
				CLANG_ANALYZER_NUMBER_OBJECT_CONVERSION = YES_AGGRESSIVE;
				CLANG_CXX_LANGUAGE_STANDARD = "gnu++0x";
				CLANG_CXX_LIBRARY = "libc++";
				CLANG_ENABLE_MODULES = YES;
				CLANG_ENABLE_OBJC_ARC = YES;
				CLANG_WARN_BLOCK_CAPTURE_AUTORELEASING = YES;
				CLANG_WARN_BOOL_CONVERSION = YES;
				CLANG_WARN_COMMA = YES;
				CLANG_WARN_CONSTANT_CONVERSION = YES;
				CLANG_WARN_DIRECT_OBJC_ISA_USAGE = YES_ERROR;
				CLANG_WARN_DOCUMENTATION_COMMENTS = YES;
				CLANG_WARN_EMPTY_BODY = YES;
				CLANG_WARN_ENUM_CONVERSION = YES;
				CLANG_WARN_INFINITE_RECURSION = YES;
				CLANG_WARN_INT_CONVERSION = YES;
				CLANG_WARN_NON_LITERAL_NULL_CONVERSION = YES;
				CLANG_WARN_OBJC_LITERAL_CONVERSION = YES;
				CLANG_WARN_OBJC_ROOT_CLASS = YES_ERROR;
				CLANG_WARN_RANGE_LOOP_ANALYSIS = YES;
				CLANG_WARN_STRICT_PROTOTYPES = YES;
				CLANG_WARN_SUSPICIOUS_MOVE = YES;
				CLANG_WARN_UNREACHABLE_CODE = YES;
				CLANG_WARN__DUPLICATE_METHOD_MATCH = YES;
				"CODE_SIGN_IDENTITY[sdk=iphoneos*]" = "iPhone Developer";
				COPY_PHASE_STRIP = NO;
				DEBUG_INFORMATION_FORMAT = "dwarf-with-dsym";
				ENABLE_NS_ASSERTIONS = NO;
				ENABLE_STRICT_OBJC_MSGSEND = YES;
				GCC_C_LANGUAGE_STANDARD = gnu99;
				GCC_NO_COMMON_BLOCKS = YES;
				GCC_WARN_64_TO_32_BIT_CONVERSION = YES;
				GCC_WARN_ABOUT_RETURN_TYPE = YES_ERROR;
				GCC_WARN_UNDECLARED_SELECTOR = YES;
				GCC_WARN_UNINITIALIZED_AUTOS = YES_AGGRESSIVE;
				GCC_WARN_UNUSED_FUNCTION = YES;
				GCC_WARN_UNUSED_VARIABLE = YES;
				IPHONEOS_DEPLOYMENT_TARGET = 10.3;
				MTL_ENABLE_DEBUG_INFO = NO;
				OTHER_LDFLAGS = "-ObjC";
				SDKROOT = iphoneos;
				SWIFT_OPTIMIZATION_LEVEL = "-Owholemodule";
				SWIFT_VERSION = 3.0;
				VALIDATE_PRODUCT = YES;
			};
			name = Release;
		};
		C9D5DFF21F16FCAC00F50CC0 /* Debug */ = {
			isa = XCBuildConfiguration;
			buildSettings = {
				ASSETCATALOG_COMPILER_APPICON_NAME = AppIcon;
				ASSETCATALOG_COMPILER_LAUNCHIMAGE_NAME = LaunchImage;
				CLANG_ENABLE_MODULES = YES;
				DEVELOPMENT_TEAM = EHPBHF3VYQ;
				FRAMEWORK_SEARCH_PATHS = (
					"$(inherited)",
					"$(PROJECT_DIR)/MoPubSDK/AdNetworkSupport/GoogleAdMob/SDK",
					"$(PROJECT_DIR)/MoPubSDK/AdNetworkSupport/Millennial/SDK",
					"$(PROJECT_DIR)",
				);
				INFOPLIST_FILE = Duesquare/Info.plist;
				IPHONEOS_DEPLOYMENT_TARGET = 9.0;
				LD_RUNPATH_SEARCH_PATHS = "$(inherited) @executable_path/Frameworks";
				OTHER_LDFLAGS = "-ObjC";
				PRODUCT_BUNDLE_IDENTIFIER = Omdal.Duesquare;
				PRODUCT_NAME = "$(TARGET_NAME)";
				SWIFT_OBJC_BRIDGING_HEADER = "Duesquare-Bridging-Header.h";
				SWIFT_OPTIMIZATION_LEVEL = "-Onone";
				SWIFT_SWIFT3_OBJC_INFERENCE = On;
				SWIFT_VERSION = 3.0;
				TARGETED_DEVICE_FAMILY = 1;
			};
			name = Debug;
		};
		C9D5DFF31F16FCAC00F50CC0 /* Release */ = {
			isa = XCBuildConfiguration;
			buildSettings = {
				ASSETCATALOG_COMPILER_APPICON_NAME = AppIcon;
				ASSETCATALOG_COMPILER_LAUNCHIMAGE_NAME = LaunchImage;
				CLANG_ENABLE_MODULES = YES;
				DEVELOPMENT_TEAM = EHPBHF3VYQ;
				FRAMEWORK_SEARCH_PATHS = (
					"$(inherited)",
					"$(PROJECT_DIR)/MoPubSDK/AdNetworkSupport/GoogleAdMob/SDK",
					"$(PROJECT_DIR)/MoPubSDK/AdNetworkSupport/Millennial/SDK",
					"$(PROJECT_DIR)",
				);
				INFOPLIST_FILE = Duesquare/Info.plist;
				IPHONEOS_DEPLOYMENT_TARGET = 9.0;
				LD_RUNPATH_SEARCH_PATHS = "$(inherited) @executable_path/Frameworks";
				OTHER_LDFLAGS = "-ObjC";
				PRODUCT_BUNDLE_IDENTIFIER = Omdal.Duesquare;
				PRODUCT_NAME = "$(TARGET_NAME)";
				SWIFT_OBJC_BRIDGING_HEADER = "Duesquare-Bridging-Header.h";
				SWIFT_SWIFT3_OBJC_INFERENCE = On;
				SWIFT_VERSION = 3.0;
				TARGETED_DEVICE_FAMILY = 1;
			};
			name = Release;
		};
		C9D5DFF51F16FCAC00F50CC0 /* Debug */ = {
			isa = XCBuildConfiguration;
			buildSettings = {
				ALWAYS_EMBED_SWIFT_STANDARD_LIBRARIES = YES;
				BUNDLE_LOADER = "$(TEST_HOST)";
				INFOPLIST_FILE = DuesquareTests/Info.plist;
				LD_RUNPATH_SEARCH_PATHS = "$(inherited) @executable_path/Frameworks @loader_path/Frameworks";
				PRODUCT_BUNDLE_IDENTIFIER = Omdal.DuesquareTests;
				PRODUCT_NAME = "$(TARGET_NAME)";
				SWIFT_SWIFT3_OBJC_INFERENCE = On;
				SWIFT_VERSION = 3.0;
				TEST_HOST = "$(BUILT_PRODUCTS_DIR)/Duesquare.app/Duesquare";
			};
			name = Debug;
		};
		C9D5DFF61F16FCAC00F50CC0 /* Release */ = {
			isa = XCBuildConfiguration;
			buildSettings = {
				ALWAYS_EMBED_SWIFT_STANDARD_LIBRARIES = YES;
				BUNDLE_LOADER = "$(TEST_HOST)";
				INFOPLIST_FILE = DuesquareTests/Info.plist;
				LD_RUNPATH_SEARCH_PATHS = "$(inherited) @executable_path/Frameworks @loader_path/Frameworks";
				PRODUCT_BUNDLE_IDENTIFIER = Omdal.DuesquareTests;
				PRODUCT_NAME = "$(TARGET_NAME)";
				SWIFT_SWIFT3_OBJC_INFERENCE = On;
				SWIFT_VERSION = 3.0;
				TEST_HOST = "$(BUILT_PRODUCTS_DIR)/Duesquare.app/Duesquare";
			};
			name = Release;
		};
		C9D5DFF81F16FCAC00F50CC0 /* Debug */ = {
			isa = XCBuildConfiguration;
			buildSettings = {
				ALWAYS_EMBED_SWIFT_STANDARD_LIBRARIES = YES;
				INFOPLIST_FILE = DuesquareUITests/Info.plist;
				LD_RUNPATH_SEARCH_PATHS = "$(inherited) @executable_path/Frameworks @loader_path/Frameworks";
				PRODUCT_BUNDLE_IDENTIFIER = Omdal.DuesquareUITests;
				PRODUCT_NAME = "$(TARGET_NAME)";
				SWIFT_SWIFT3_OBJC_INFERENCE = On;
				SWIFT_VERSION = 3.0;
				TEST_TARGET_NAME = Duesquare;
			};
			name = Debug;
		};
		C9D5DFF91F16FCAC00F50CC0 /* Release */ = {
			isa = XCBuildConfiguration;
			buildSettings = {
				ALWAYS_EMBED_SWIFT_STANDARD_LIBRARIES = YES;
				INFOPLIST_FILE = DuesquareUITests/Info.plist;
				LD_RUNPATH_SEARCH_PATHS = "$(inherited) @executable_path/Frameworks @loader_path/Frameworks";
				PRODUCT_BUNDLE_IDENTIFIER = Omdal.DuesquareUITests;
				PRODUCT_NAME = "$(TARGET_NAME)";
				SWIFT_SWIFT3_OBJC_INFERENCE = On;
				SWIFT_VERSION = 3.0;
				TEST_TARGET_NAME = Duesquare;
			};
			name = Release;
		};
/* End XCBuildConfiguration section */

/* Begin XCConfigurationList section */
		C9D5DFBE1F16FCAC00F50CC0 /* Build configuration list for PBXProject "Duesquare" */ = {
			isa = XCConfigurationList;
			buildConfigurations = (
				C9D5DFEF1F16FCAC00F50CC0 /* Debug */,
				C9D5DFF01F16FCAC00F50CC0 /* Release */,
			);
			defaultConfigurationIsVisible = 0;
			defaultConfigurationName = Release;
		};
		C9D5DFF11F16FCAC00F50CC0 /* Build configuration list for PBXNativeTarget "Duesquare" */ = {
			isa = XCConfigurationList;
			buildConfigurations = (
				C9D5DFF21F16FCAC00F50CC0 /* Debug */,
				C9D5DFF31F16FCAC00F50CC0 /* Release */,
			);
			defaultConfigurationIsVisible = 0;
			defaultConfigurationName = Release;
		};
		C9D5DFF41F16FCAC00F50CC0 /* Build configuration list for PBXNativeTarget "DuesquareTests" */ = {
			isa = XCConfigurationList;
			buildConfigurations = (
				C9D5DFF51F16FCAC00F50CC0 /* Debug */,
				C9D5DFF61F16FCAC00F50CC0 /* Release */,
			);
			defaultConfigurationIsVisible = 0;
			defaultConfigurationName = Release;
		};
		C9D5DFF71F16FCAC00F50CC0 /* Build configuration list for PBXNativeTarget "DuesquareUITests" */ = {
			isa = XCConfigurationList;
			buildConfigurations = (
				C9D5DFF81F16FCAC00F50CC0 /* Debug */,
				C9D5DFF91F16FCAC00F50CC0 /* Release */,
			);
			defaultConfigurationIsVisible = 0;
			defaultConfigurationName = Release;
		};
/* End XCConfigurationList section */
	};
	rootObject = C9D5DFBB1F16FCAC00F50CC0 /* Project object */;
}
